<?xml version="1.0" encoding="utf-8"?>
<Project ToolsVersion="4.0" xmlns="http://schemas.microsoft.com/developer/msbuild/2003">
  <ItemGroup>
    <Filter Include="Source Files">
      <UniqueIdentifier>{4FC737F1-C7A5-4376-A066-2A32D752A2FF}</UniqueIdentifier>
      <Extensions>cpp;c;cc;cxx;def;odl;idl;hpj;bat;asm;asmx</Extensions>
    </Filter>
    <Filter Include="Header Files">
      <UniqueIdentifier>{93995380-89BD-4b04-88EB-625FBE52EBFB}</UniqueIdentifier>
      <Extensions>h;hh;hpp;hxx;hm;inl;inc;xsd</Extensions>
    </Filter>
    <Filter Include="Resource Files">
      <UniqueIdentifier>{67DA6AB6-F800-4c08-8B7A-83BB121AAD01}</UniqueIdentifier>
      <Extensions>rc;ico;cur;bmp;dlg;rc2;rct;bin;rgs;gif;jpg;jpeg;jpe;resx;tiff;tif;png;wav;mfcribbon-ms</Extensions>
    </Filter>
  </ItemGroup>
  <ItemGroup>
    <ClCompile Include="src\engine\Engine.cpp">
      <Filter>Source Files</Filter>
    </ClCompile>
    <ClCompile Include="src\engine\scene\Scene.cpp">
      <Filter>Source Files</Filter>
    </ClCompile>
    <ClCompile Include="src\engine\scene\entity\Entity.cpp">
      <Filter>Source Files</Filter>
    </ClCompile>
    <ClCompile Include="src\engine\scene\entity\Transform.cpp">
      <Filter>Source Files</Filter>
    </ClCompile>
    <ClCompile Include="src\engine\scene\entity\component\Mesh.cpp">
      <Filter>Source Files</Filter>
    </ClCompile>
    <ClCompile Include="src\engine\scene\MatrixStack.cpp">
      <Filter>Source Files</Filter>
    </ClCompile>
    <ClCompile Include="src\engine\renderer\Shader.cpp">
      <Filter>Source Files</Filter>
    </ClCompile>
    <ClCompile Include="src\engine\scene\entity\component\Camera.cpp">
      <Filter>Source Files</Filter>
    </ClCompile>
    <ClCompile Include="src\engine\scene\entity\component\Component.cpp">
      <Filter>Source Files</Filter>
    </ClCompile>
    <ClCompile Include="src\engine\scene\entity\component\Behaviour.cpp">
      <Filter>Source Files</Filter>
    </ClCompile>
    <ClCompile Include="src\engine\scene\entity\component\PointLight.cpp">
      <Filter>Source Files</Filter>
    </ClCompile>
    <ClCompile Include="src\engine\renderer\Material.cpp">
      <Filter>Source Files</Filter>
    </ClCompile>
    <ClCompile Include="src\behaviour\CameraController.cpp">
      <Filter>Source Files</Filter>
    </ClCompile>
    <ClCompile Include="src\engine\interface\Input.cpp">
      <Filter>Source Files</Filter>
    </ClCompile>
    <ClCompile Include="src\engine\interface\Window.cpp">
      <Filter>Source Files</Filter>
    </ClCompile>
    <ClCompile Include="src\engine\renderer\Texture.cpp">
      <Filter>Source Files</Filter>
    </ClCompile>
    <ClCompile Include="src\engine\interface\Resources.cpp">
      <Filter>Source Files</Filter>
    </ClCompile>
    <ClCompile Include="src\engine\InputSystem.cpp">
      <Filter>Source Files</Filter>
    </ClCompile>
    <ClCompile Include="src\engine\ResourceSystem.cpp">
      <Filter>Source Files</Filter>
    </ClCompile>
    <ClCompile Include="src\engine\WindowSystem.cpp">
      <Filter>Source Files</Filter>
    </ClCompile>
    <ClCompile Include="src\engine\renderer\CubeMap.cpp">
      <Filter>Source Files</Filter>
    </ClCompile>
    <ClCompile Include="src\engine\scene\SkyBox.cpp">
      <Filter>Source Files</Filter>
    </ClCompile>
    <ClCompile Include="src\engine\renderer\RenderSystem.cpp">
      <Filter>Source Files</Filter>
    </ClCompile>
    <ClCompile Include="src\engine\renderer\stb_image.cpp">
      <Filter>Source Files</Filter>
    </ClCompile>
    <ClCompile Include="src\engine\scene\entity\component\ParticleEmitter.cpp">
      <Filter>Source Files</Filter>
    </ClCompile>
    <ClCompile Include="src\engine\physics\PhysicsSystem.cpp">
      <Filter>Source Files</Filter>
    </ClCompile>
    <ClCompile Include="src\engine\renderer\TextureGenerator.cpp">
      <Filter>Source Files</Filter>
    </ClCompile>
    <ClCompile Include="src\engine\renderer\FluidRenderer.cpp">
      <Filter>Source Files</Filter>
    </ClCompile>
    <ClCompile Include="src\engine\physics\SphereCollider.cpp">
      <Filter>Source Files</Filter>
    </ClCompile>
    <ClCompile Include="src\engine\physics\PlaneCollider.cpp">
      <Filter>Source Files</Filter>
    </ClCompile>
    <ClCompile Include="src\engine\physics\Collider.cpp">
      <Filter>Source Files</Filter>
    </ClCompile>
    <ClCompile Include="src\engine\scene\entity\component\Cloth.cpp">
      <Filter>Source Files</Filter>
    </ClCompile>
    <ClCompile Include="src\engine\physics\ParticleSystem.cpp">
      <Filter>Source Files</Filter>
    </ClCompile>
    <ClCompile Include="src\engine\physics\SoftBody.cpp">
      <Filter>Source Files</Filter>
    </ClCompile>
    <ClCompile Include="src\engine\physics\ConstraintSolver.cpp">
      <Filter>Source Files</Filter>
    </ClCompile>
    <ClCompile Include="src\engine\scene\entity\component\Rope.cpp">
      <Filter>Source Files</Filter>
    </ClCompile>
  </ItemGroup>
  <ItemGroup>
    <ClInclude Include="include\engine\renderer\Material.h">
      <Filter>Header Files</Filter>
    </ClInclude>
    <ClInclude Include="include\engine\renderer\Shader.h">
      <Filter>Header Files</Filter>
    </ClInclude>
    <ClInclude Include="include\engine\scene\MatrixStack.h">
      <Filter>Header Files</Filter>
    </ClInclude>
    <ClInclude Include="include\engine\scene\Scene.h">
      <Filter>Header Files</Filter>
    </ClInclude>
    <ClInclude Include="include\engine\scene\entity\Entity.h">
      <Filter>Header Files</Filter>
    </ClInclude>
    <ClInclude Include="include\engine\scene\entity\Transform.h">
      <Filter>Header Files</Filter>
    </ClInclude>
    <ClInclude Include="include\engine\scene\entity\component\Behaviour.h">
      <Filter>Header Files</Filter>
    </ClInclude>
    <ClInclude Include="include\engine\scene\entity\component\Camera.h">
      <Filter>Header Files</Filter>
    </ClInclude>
    <ClInclude Include="include\engine\scene\entity\component\Component.h">
      <Filter>Header Files</Filter>
    </ClInclude>
    <ClInclude Include="include\engine\scene\entity\component\Mesh.h">
      <Filter>Header Files</Filter>
    </ClInclude>
    <ClInclude Include="include\engine\scene\entity\component\PointLight.h">
      <Filter>Header Files</Filter>
    </ClInclude>
    <ClInclude Include="include\engine\Engine.h">
      <Filter>Header Files</Filter>
    </ClInclude>
    <ClInclude Include="include\engine\interface\Input.h">
      <Filter>Header Files</Filter>
    </ClInclude>
    <ClInclude Include="include\engine\interface\Window.h">
      <Filter>Header Files</Filter>
    </ClInclude>
    <ClInclude Include="include\behaviour\CameraController.h">
      <Filter>Header Files</Filter>
    </ClInclude>
    <ClInclude Include="include\engine\exception\GLEWInitException.h">
      <Filter>Header Files</Filter>
    </ClInclude>
    <ClInclude Include="include\engine\exception\GLFWInitException.h">
      <Filter>Header Files</Filter>
    </ClInclude>
    <ClInclude Include="include\engine\renderer\Texture.h">
      <Filter>Header Files</Filter>
    </ClInclude>
    <ClInclude Include="include\engine\interface\Resources.h">
      <Filter>Header Files</Filter>
    </ClInclude>
    <ClInclude Include="include\engine\InputSystem.h">
      <Filter>Header Files</Filter>
    </ClInclude>
    <ClInclude Include="include\engine\ResourceSystem.h">
      <Filter>Header Files</Filter>
    </ClInclude>
    <ClInclude Include="include\engine\WindowSystem.h">
      <Filter>Header Files</Filter>
    </ClInclude>
    <ClInclude Include="include\engine\renderer\CubeMap.h">
      <Filter>Header Files</Filter>
    </ClInclude>
    <ClInclude Include="include\engine\scene\SkyBox.h">
      <Filter>Header Files</Filter>
    </ClInclude>
    <ClInclude Include="include\engine\renderer\RenderSystem.h">
      <Filter>Header Files</Filter>
    </ClInclude>
    <ClInclude Include="include\stb_image.h">
      <Filter>Header Files</Filter>
    </ClInclude>
    <ClInclude Include="include\engine\physics\PhysicsSystem.h">
      <Filter>Header Files</Filter>
    </ClInclude>
    <ClInclude Include="include\engine\scene\entity\component\ParticleEmitter.h">
      <Filter>Header Files</Filter>
    </ClInclude>
    <ClInclude Include="include\engine\renderer\TextureGenerator.h">
      <Filter>Header Files</Filter>
    </ClInclude>
    <ClInclude Include="include\engine\renderer\FluidRenderer.h">
      <Filter>Header Files</Filter>
    </ClInclude>
    <ClInclude Include="include\engine\physics\Collider.h">
      <Filter>Header Files</Filter>
    </ClInclude>
    <ClInclude Include="include\engine\physics\SphereCollider.h">
      <Filter>Header Files</Filter>
    </ClInclude>
    <ClInclude Include="include\engine\physics\PlaneCollider.h">
      <Filter>Header Files</Filter>
    </ClInclude>
    <ClInclude Include="include\engine\scene\entity\component\Cloth.h">
      <Filter>Header Files</Filter>
    </ClInclude>
    <ClInclude Include="include\engine\physics\ParticleSystem.h">
      <Filter>Header Files</Filter>
    </ClInclude>
    <ClInclude Include="include\engine\physics\SoftBody.h">
      <Filter>Header Files</Filter>
    </ClInclude>
    <ClInclude Include="include\engine\physics\ConstraintSolver.h">
      <Filter>Header Files</Filter>
    </ClInclude>
    <ClInclude Include="include\engine\scene\entity\component\Rope.h">
      <Filter>Header Files</Filter>
    </ClInclude>
  </ItemGroup>
  <ItemGroup>
    <None Include="src\engine\renderer\shaders\pbr.vs" />
    <None Include="src\engine\renderer\shaders\pbr.fs" />
    <None Include="src\engine\renderer\materials\red.mat" />
    <None Include="src\engine\renderer\materials\default.mat" />
    <None Include="src\engine\renderer\shaders\skybox.vs" />
    <None Include="src\engine\renderer\shaders\skybox.fs" />
    <None Include="src\engine\renderer\shaders\irradiance.fs" />
    <None Include="src\engine\renderer\shaders\irradiance.vs" />
    <None Include="src\engine\renderer\shaders\preFilterEnvMap.fs" />
    <None Include="src\engine\renderer\shaders\brdf.vs" />
    <None Include="src\engine\renderer\shaders\brdf.fs" />
    <None Include="src\engine\renderer\shaders\equi.vs" />
    <None Include="src\engine\renderer\shaders\equi.fs" />
    <None Include="resources\materials\floor.mat" />
    <None Include="resources\materials\particle.mat" />
    <None Include="src\engine\renderer\shaders\depth.vs" />
    <None Include="src\engine\renderer\shaders\depth.fs" />
    <None Include="src\engine\renderer\shaders\screenAlignedQuad.vs" />
    <None Include="src\engine\renderer\shaders\screenAlignedQuad.fs" />
    <None Include="src\engine\renderer\shaders\particlePbr.fs" />
    <None Include="src\engine\renderer\shaders\fluid\particle.vs" />
    <None Include="src\engine\renderer\shaders\fluid\particleDepth.fs" />
    <None Include="src\engine\renderer\shaders\fluid\bilateralFilter.fs" />
    <None Include="src\engine\renderer\shaders\fluid\bilateralFilter.vs" />
    <None Include="src\engine\renderer\shaders\fluid\thickness.fs" />
    <None Include="src\engine\renderer\shaders\fluid\noise.fs" />
    <None Include="src\engine\renderer\shaders\fluid\curvatureFlow.fs" />
    <None Include="resources\materials\cloth.mat" />
  </ItemGroup>
</Project>